
Microsoft Visual Studio Solution File, Format Version 12.00
# Visual Studio Version 16
VisualStudioVersion = 16.0.32126.315
MinimumVisualStudioVersion = 10.0.40219.1
Project("{8BC9CEB8-8B4A-11D0-8D11-00A0C91BC942}") = "ArrayBaseStack", "ArrayBaseStack\ArrayBaseStack.vcxproj", "{EF001FF9-C7A0-4413-97F3-54DE05292727}"
EndProject
Global
	GlobalSection(SolutionConfigurationPlatforms) = preSolution
		Debug|x64 = Debug|x64
		Debug|x86 = Debug|x86
		Release|x64 = Release|x64
		Release|x86 = Release|x86
	EndGlobalSection
	GlobalSection(ProjectConfigurationPlatforms) = postSolution
		{EF001FF9-C7A0-4413-97F3-54DE05292727}.Debug|x64.ActiveCfg = Debug|x64
		{EF001FF9-C7A0-4413-97F3-54DE05292727}.Debug|x64.Build.0 = Debug|x64
		{EF001FF9-C7A0-4413-97F3-54DE05292727}.Debug|x86.ActiveCfg = Debug|Win32
		{EF001FF9-C7A0-4413-97F3-54DE05292727}.Debug|x86.Build.0 = Debug|Win32
		{EF001FF9-C7A0-4413-97F3-54DE05292727}.Release|x64.ActiveCfg = Release|x64
		{EF001FF9-C7A0-4413-97F3-54DE05292727}.Release|x64.Build.0 = Release|x64
		{EF001FF9-C7A0-4413-97F3-54DE05292727}.Release|x86.ActiveCfg = Release|Win32
		{EF001FF9-C7A0-4413-97F3-54DE05292727}.Release|x86.Build.0 = Release|Win32
	EndGlobalSection
	GlobalSection(SolutionProperties) = preSolution
		HideSolutionNode = FALSE
	EndGlobalSection
	GlobalSection(ExtensibilityGlobals) = postSolution
		SolutionGuid = {54B9D96D-E293-406A-87ED-A59E14921B8C}
	EndGlobalSection
EndGlobal
